
Microsoft Visual Studio Solution File, Format Version 12.00
# Visual Studio Version 16
VisualStudioVersion = 16.0.29609.76
MinimumVisualStudioVersion = 10.0.40219.1
Project("{FAE04EC0-301F-11D3-BF4B-00C04F79EFBC}") = "WPFDemo", "WPFDemo\WPFDemo.csproj", "{39C22B66-1145-4868-B81D-9BE69A8674DA}"
EndProject
Global
	GlobalSection(SolutionConfigurationPlatforms) = preSolution
		Debug|Any CPU = Debug|Any CPU
		Release|Any CPU = Release|Any CPU
	EndGlobalSection
	GlobalSection(ProjectConfigurationPlatforms) = postSolution
		{39C22B66-1145-4868-B81D-9BE69A8674DA}.Debug|Any CPU.ActiveCfg = Debug|Any CPU
		{39C22B66-1145-4868-B81D-9BE69A8674DA}.Debug|Any CPU.Build.0 = Debug|Any CPU
		{39C22B66-1145-4868-B81D-9BE69A8674DA}.Release|Any CPU.ActiveCfg = Release|Any CPU
		{39C22B66-1145-4868-B81D-9BE69A8674DA}.Release|Any CPU.Build.0 = Release|Any CPU
	EndGlobalSection
	GlobalSection(SolutionProperties) = preSolution
		HideSolutionNode = FALSE
	EndGlobalSection
	GlobalSection(ExtensibilityGlobals) = postSolution
		SolutionGuid = {A0FFD6D4-4549-4A09-9B32-4ACB0B4F2464}
	EndGlobalSection
EndGlobal
